
Microsoft Visual Studio Solution File, Format Version 12.00
# Visual Studio Version 17
VisualStudioVersion = 17.5.33502.453
MinimumVisualStudioVersion = 10.0.40219.1
Project("{9A19103F-16F7-4668-BE54-9A1E7A4F7556}") = "DataforgedGen", "DataforgedGen.csproj", "{DA1E7810-8AE4-46F3-914B-4BDC3575A15F}"
EndProject
Global
	GlobalSection(SolutionConfigurationPlatforms) = preSolution
		Debug|Any CPU = Debug|Any CPU
		Release|Any CPU = Release|Any CPU
	EndGlobalSection
	GlobalSection(ProjectConfigurationPlatforms) = postSolution
		{DA1E7810-8AE4-46F3-914B-4BDC3575A15F}.Debug|Any CPU.ActiveCfg = Debug|Any CPU
		{DA1E7810-8AE4-46F3-914B-4BDC3575A15F}.Debug|Any CPU.Build.0 = Debug|Any CPU
		{DA1E7810-8AE4-46F3-914B-4BDC3575A15F}.Release|Any CPU.ActiveCfg = Release|Any CPU
		{DA1E7810-8AE4-46F3-914B-4BDC3575A15F}.Release|Any CPU.Build.0 = Release|Any CPU
	EndGlobalSection
	GlobalSection(SolutionProperties) = preSolution
		HideSolutionNode = FALSE
	EndGlobalSection
	GlobalSection(ExtensibilityGlobals) = postSolution
		SolutionGuid = {3B0DEEF9-DEBD-4070-8C20-EE57266C924C}
	EndGlobalSection
EndGlobal
